// !$*UTF8*$!
{
	archiveVersion = 1;
	classes = {
	};
	objectVersion = 46;
	objects = {

/* Begin PBXBuildFile section */
		6E0F4896190782A800AD0C10 /* Foundation.framework in Frameworks */ = {isa = PBXBuildFile; fileRef = 6E0F4895190782A800AD0C10 /* Foundation.framework */; };
		6E0F4898190782A800AD0C10 /* CoreGraphics.framework in Frameworks */ = {isa = PBXBuildFile; fileRef = 6E0F4897190782A800AD0C10 /* CoreGraphics.framework */; };
		6E0F489A190782A800AD0C10 /* UIKit.framework in Frameworks */ = {isa = PBXBuildFile; fileRef = 6E0F4899190782A800AD0C10 /* UIKit.framework */; };
		6E0F48A0190782A800AD0C10 /* InfoPlist.strings in Resources */ = {isa = PBXBuildFile; fileRef = 6E0F489E190782A800AD0C10 /* InfoPlist.strings */; };
		6E0F48A2190782A800AD0C10 /* main.m in Sources */ = {isa = PBXBuildFile; fileRef = 6E0F48A1190782A800AD0C10 /* main.m */; };
		6E0F48A6190782A800AD0C10 /* AppDelegate.m in Sources */ = {isa = PBXBuildFile; fileRef = 6E0F48A5190782A800AD0C10 /* AppDelegate.m */; };
		6E0F48A9190782A800AD0C10 /* Main.storyboard in Resources */ = {isa = PBXBuildFile; fileRef = 6E0F48A7190782A800AD0C10 /* Main.storyboard */; };
		6E0F48AC190782A800AD0C10 /* ViewController.m in Sources */ = {isa = PBXBuildFile; fileRef = 6E0F48AB190782A800AD0C10 /* ViewController.m */; };
		6E0F48AE190782A800AD0C10 /* Images.xcassets in Resources */ = {isa = PBXBuildFile; fileRef = 6E0F48AD190782A800AD0C10 /* Images.xcassets */; };
		6E0F48B5190782A800AD0C10 /* XCTest.framework in Frameworks */ = {isa = PBXBuildFile; fileRef = 6E0F48B4190782A800AD0C10 /* XCTest.framework */; };
		6E0F48B6190782A800AD0C10 /* Foundation.framework in Frameworks */ = {isa = PBXBuildFile; fileRef = 6E0F4895190782A800AD0C10 /* Foundation.framework */; };
		6E0F48B7190782A800AD0C10 /* UIKit.framework in Frameworks */ = {isa = PBXBuildFile; fileRef = 6E0F4899190782A800AD0C10 /* UIKit.framework */; };
		6E0F48BF190782A800AD0C10 /* InfoPlist.strings in Resources */ = {isa = PBXBuildFile; fileRef = 6E0F48BD190782A800AD0C10 /* InfoPlist.strings */; };
		6E0F48C1190782A800AD0C10 /* iCloudCoreDataSampleTests.m in Sources */ = {isa = PBXBuildFile; fileRef = 6E0F48C0190782A800AD0C10 /* iCloudCoreDataSampleTests.m */; };
		6E0F48D31907841C00AD0C10 /* BookDataModel.xcdatamodeld in Sources */ = {isa = PBXBuildFile; fileRef = 6E0F48D11907841C00AD0C10 /* BookDataModel.xcdatamodeld */; };
		6E0F491F190792E300AD0C10 /* CoreData.framework in Frameworks */ = {isa = PBXBuildFile; fileRef = 6E0F491E190792E300AD0C10 /* CoreData.framework */; };
		6E69E8E0190DFB90008FBEEC /* DataStore.m in Sources */ = {isa = PBXBuildFile; fileRef = 6E69E8DF190DFB90008FBEEC /* DataStore.m */; };
		6EBB960F190BD7B800F91B2C /* Books.m in Sources */ = {isa = PBXBuildFile; fileRef = 6EBB960E190BD7B800F91B2C /* Books.m */; };
/* End PBXBuildFile section */

/* Begin PBXContainerItemProxy section */
		6E0F48B8190782A800AD0C10 /* PBXContainerItemProxy */ = {
			isa = PBXContainerItemProxy;
			containerPortal = 6E0F488A190782A800AD0C10 /* Project object */;
			proxyType = 1;
			remoteGlobalIDString = 6E0F4891190782A800AD0C10;
			remoteInfo = iCloudCoreDataSample;
		};
/* End PBXContainerItemProxy section */

/* Begin PBXFileReference section */
		6E0F4892190782A800AD0C10 /* iCloudCoreDataSample.app */ = {isa = PBXFileReference; explicitFileType = wrapper.application; includeInIndex = 0; path = iCloudCoreDataSample.app; sourceTree = BUILT_PRODUCTS_DIR; };
		6E0F4895190782A800AD0C10 /* Foundation.framework */ = {isa = PBXFileReference; lastKnownFileType = wrapper.framework; name = Foundation.framework; path = System/Library/Frameworks/Foundation.framework; sourceTree = SDKROOT; };
		6E0F4897190782A800AD0C10 /* CoreGraphics.framework */ = {isa = PBXFileReference; lastKnownFileType = wrapper.framework; name = CoreGraphics.framework; path = System/Library/Frameworks/CoreGraphics.framework; sourceTree = SDKROOT; };
		6E0F4899190782A800AD0C10 /* UIKit.framework */ = {isa = PBXFileReference; lastKnownFileType = wrapper.framework; name = UIKit.framework; path = System/Library/Frameworks/UIKit.framework; sourceTree = SDKROOT; };
		6E0F489D190782A800AD0C10 /* iCloudCoreDataSample-Info.plist */ = {isa = PBXFileReference; lastKnownFileType = text.plist.xml; path = "iCloudCoreDataSample-Info.plist"; sourceTree = "<group>"; };
		6E0F489F190782A800AD0C10 /* en */ = {isa = PBXFileReference; lastKnownFileType = text.plist.strings; name = en; path = en.lproj/InfoPlist.strings; sourceTree = "<group>"; };
		6E0F48A1190782A800AD0C10 /* main.m */ = {isa = PBXFileReference; lastKnownFileType = sourcecode.c.objc; path = main.m; sourceTree = "<group>"; };
		6E0F48A3190782A800AD0C10 /* iCloudCoreDataSample-Prefix.pch */ = {isa = PBXFileReference; lastKnownFileType = sourcecode.c.h; path = "iCloudCoreDataSample-Prefix.pch"; sourceTree = "<group>"; };
		6E0F48A4190782A800AD0C10 /* AppDelegate.h */ = {isa = PBXFileReference; lastKnownFileType = sourcecode.c.h; path = AppDelegate.h; sourceTree = "<group>"; };
		6E0F48A5190782A800AD0C10 /* AppDelegate.m */ = {isa = PBXFileReference; lastKnownFileType = sourcecode.c.objc; path = AppDelegate.m; sourceTree = "<group>"; };
		6E0F48A8190782A800AD0C10 /* Base */ = {isa = PBXFileReference; lastKnownFileType = file.storyboard; name = Base; path = Base.lproj/Main.storyboard; sourceTree = "<group>"; };
		6E0F48AA190782A800AD0C10 /* ViewController.h */ = {isa = PBXFileReference; lastKnownFileType = sourcecode.c.h; path = ViewController.h; sourceTree = "<group>"; };
		6E0F48AB190782A800AD0C10 /* ViewController.m */ = {isa = PBXFileReference; lastKnownFileType = sourcecode.c.objc; path = ViewController.m; sourceTree = "<group>"; };
		6E0F48AD190782A800AD0C10 /* Images.xcassets */ = {isa = PBXFileReference; lastKnownFileType = folder.assetcatalog; path = Images.xcassets; sourceTree = "<group>"; };
		6E0F48B3190782A800AD0C10 /* iCloudCoreDataSampleTests.xctest */ = {isa = PBXFileReference; explicitFileType = wrapper.cfbundle; includeInIndex = 0; path = iCloudCoreDataSampleTests.xctest; sourceTree = BUILT_PRODUCTS_DIR; };
		6E0F48B4190782A800AD0C10 /* XCTest.framework */ = {isa = PBXFileReference; lastKnownFileType = wrapper.framework; name = XCTest.framework; path = Library/Frameworks/XCTest.framework; sourceTree = DEVELOPER_DIR; };
		6E0F48BC190782A800AD0C10 /* iCloudCoreDataSampleTests-Info.plist */ = {isa = PBXFileReference; lastKnownFileType = text.plist.xml; path = "iCloudCoreDataSampleTests-Info.plist"; sourceTree = "<group>"; };
		6E0F48BE190782A800AD0C10 /* en */ = {isa = PBXFileReference; lastKnownFileType = text.plist.strings; name = en; path = en.lproj/InfoPlist.strings; sourceTree = "<group>"; };
		6E0F48C0190782A800AD0C10 /* iCloudCoreDataSampleTests.m */ = {isa = PBXFileReference; lastKnownFileType = sourcecode.c.objc; path = iCloudCoreDataSampleTests.m; sourceTree = "<group>"; };
		6E0F48CA190782B600AD0C10 /* iCloudCoreDataSample.entitlements */ = {isa = PBXFileReference; lastKnownFileType = text.xml; path = iCloudCoreDataSample.entitlements; sourceTree = "<group>"; };
		6E0F48D21907841C00AD0C10 /* BookDataModel.xcdatamodel */ = {isa = PBXFileReference; lastKnownFileType = wrapper.xcdatamodel; path = BookDataModel.xcdatamodel; sourceTree = "<group>"; };
		6E0F491E190792E300AD0C10 /* CoreData.framework */ = {isa = PBXFileReference; lastKnownFileType = wrapper.framework; name = CoreData.framework; path = System/Library/Frameworks/CoreData.framework; sourceTree = SDKROOT; };
		6E69E8DE190DFB90008FBEEC /* DataStore.h */ = {isa = PBXFileReference; fileEncoding = 4; lastKnownFileType = sourcecode.c.h; path = DataStore.h; sourceTree = "<group>"; };
		6E69E8DF190DFB90008FBEEC /* DataStore.m */ = {isa = PBXFileReference; fileEncoding = 4; lastKnownFileType = sourcecode.c.objc; path = DataStore.m; sourceTree = "<group>"; };
		6EBB960D190BD7B800F91B2C /* Books.h */ = {isa = PBXFileReference; fileEncoding = 4; lastKnownFileType = sourcecode.c.h; path = Books.h; sourceTree = "<group>"; };
		6EBB960E190BD7B800F91B2C /* Books.m */ = {isa = PBXFileReference; fileEncoding = 4; lastKnownFileType = sourcecode.c.objc; path = Books.m; sourceTree = "<group>"; };
/* End PBXFileReference section */

/* Begin PBXFrameworksBuildPhase section */
		6E0F488F190782A800AD0C10 /* Frameworks */ = {
			isa = PBXFrameworksBuildPhase;
			buildActionMask = 2147483647;
			files = (
				6E0F491F190792E300AD0C10 /* CoreData.framework in Frameworks */,
				6E0F4898190782A800AD0C10 /* CoreGraphics.framework in Frameworks */,
				6E0F489A190782A800AD0C10 /* UIKit.framework in Frameworks */,
				6E0F4896190782A800AD0C10 /* Foundation.framework in Frameworks */,
			);
			runOnlyForDeploymentPostprocessing = 0;
		};
		6E0F48B0190782A800AD0C10 /* Frameworks */ = {
			isa = PBXFrameworksBuildPhase;
			buildActionMask = 2147483647;
			files = (
				6E0F48B5190782A800AD0C10 /* XCTest.framework in Frameworks */,
				6E0F48B7190782A800AD0C10 /* UIKit.framework in Frameworks */,
				6E0F48B6190782A800AD0C10 /* Foundation.framework in Frameworks */,
			);
			runOnlyForDeploymentPostprocessing = 0;
		};
/* End PBXFrameworksBuildPhase section */

/* Begin PBXGroup section */
		6E0F4889190782A800AD0C10 = {
			isa = PBXGroup;
			children = (
				6E0F489B190782A800AD0C10 /* iCloudCoreDataSample */,
				6E0F48BA190782A800AD0C10 /* iCloudCoreDataSampleTests */,
				6E0F4894190782A800AD0C10 /* Frameworks */,
				6E0F4893190782A800AD0C10 /* Products */,
			);
			sourceTree = "<group>";
		};
		6E0F4893190782A800AD0C10 /* Products */ = {
			isa = PBXGroup;
			children = (
				6E0F4892190782A800AD0C10 /* iCloudCoreDataSample.app */,
				6E0F48B3190782A800AD0C10 /* iCloudCoreDataSampleTests.xctest */,
			);
			name = Products;
			sourceTree = "<group>";
		};
		6E0F4894190782A800AD0C10 /* Frameworks */ = {
			isa = PBXGroup;
			children = (
				6E0F491E190792E300AD0C10 /* CoreData.framework */,
				6E0F4895190782A800AD0C10 /* Foundation.framework */,
				6E0F4897190782A800AD0C10 /* CoreGraphics.framework */,
				6E0F4899190782A800AD0C10 /* UIKit.framework */,
				6E0F48B4190782A800AD0C10 /* XCTest.framework */,
			);
			name = Frameworks;
			sourceTree = "<group>";
		};
		6E0F489B190782A800AD0C10 /* iCloudCoreDataSample */ = {
			isa = PBXGroup;
			children = (
				6E0F48CA190782B600AD0C10 /* iCloudCoreDataSample.entitlements */,
				6E0F48D11907841C00AD0C10 /* BookDataModel.xcdatamodeld */,
				6EBB960D190BD7B800F91B2C /* Books.h */,
				6EBB960E190BD7B800F91B2C /* Books.m */,
				6E0F48A4190782A800AD0C10 /* AppDelegate.h */,
				6E0F48A5190782A800AD0C10 /* AppDelegate.m */,
				6E69E8DE190DFB90008FBEEC /* DataStore.h */,
				6E69E8DF190DFB90008FBEEC /* DataStore.m */,
				6E0F48A7190782A800AD0C10 /* Main.storyboard */,
				6E0F48AA190782A800AD0C10 /* ViewController.h */,
				6E0F48AB190782A800AD0C10 /* ViewController.m */,
				6E0F48AD190782A800AD0C10 /* Images.xcassets */,
				6E0F489C190782A800AD0C10 /* Supporting Files */,
			);
			path = iCloudCoreDataSample;
			sourceTree = "<group>";
		};
		6E0F489C190782A800AD0C10 /* Supporting Files */ = {
			isa = PBXGroup;
			children = (
				6E0F489D190782A800AD0C10 /* iCloudCoreDataSample-Info.plist */,
				6E0F489E190782A800AD0C10 /* InfoPlist.strings */,
				6E0F48A1190782A800AD0C10 /* main.m */,
				6E0F48A3190782A800AD0C10 /* iCloudCoreDataSample-Prefix.pch */,
			);
			name = "Supporting Files";
			sourceTree = "<group>";
		};
		6E0F48BA190782A800AD0C10 /* iCloudCoreDataSampleTests */ = {
			isa = PBXGroup;
			children = (
				6E0F48C0190782A800AD0C10 /* iCloudCoreDataSampleTests.m */,
				6E0F48BB190782A800AD0C10 /* Supporting Files */,
			);
			path = iCloudCoreDataSampleTests;
			sourceTree = "<group>";
		};
		6E0F48BB190782A800AD0C10 /* Supporting Files */ = {
			isa = PBXGroup;
			children = (
				6E0F48BC190782A800AD0C10 /* iCloudCoreDataSampleTests-Info.plist */,
				6E0F48BD190782A800AD0C10 /* InfoPlist.strings */,
			);
			name = "Supporting Files";
			sourceTree = "<group>";
		};
/* End PBXGroup section */

/* Begin PBXNativeTarget section */
		6E0F4891190782A800AD0C10 /* iCloudCoreDataSample */ = {
			isa = PBXNativeTarget;
			buildConfigurationList = 6E0F48C4190782A800AD0C10 /* Build configuration list for PBXNativeTarget "iCloudCoreDataSample" */;
			buildPhases = (
				6E0F488E190782A800AD0C10 /* Sources */,
				6E0F488F190782A800AD0C10 /* Frameworks */,
				6E0F4890190782A800AD0C10 /* Resources */,
			);
			buildRules = (
			);
			dependencies = (
			);
			name = iCloudCoreDataSample;
			productName = iCloudCoreDataSample;
			productReference = 6E0F4892190782A800AD0C10 /* iCloudCoreDataSample.app */;
			productType = "com.apple.product-type.application";
		};
		6E0F48B2190782A800AD0C10 /* iCloudCoreDataSampleTests */ = {
			isa = PBXNativeTarget;
			buildConfigurationList = 6E0F48C7190782A800AD0C10 /* Build configuration list for PBXNativeTarget "iCloudCoreDataSampleTests" */;
			buildPhases = (
				6E0F48AF190782A800AD0C10 /* Sources */,
				6E0F48B0190782A800AD0C10 /* Frameworks */,
				6E0F48B1190782A800AD0C10 /* Resources */,
			);
			buildRules = (
			);
			dependencies = (
				6E0F48B9190782A800AD0C10 /* PBXTargetDependency */,
			);
			name = iCloudCoreDataSampleTests;
			productName = iCloudCoreDataSampleTests;
			productReference = 6E0F48B3190782A800AD0C10 /* iCloudCoreDataSampleTests.xctest */;
			productType = "com.apple.product-type.bundle.unit-test";
		};
/* End PBXNativeTarget section */

/* Begin PBXProject section */
		6E0F488A190782A800AD0C10 /* Project object */ = {
			isa = PBXProject;
			attributes = {
				LastUpgradeCheck = 0510;
				ORGANIZATIONNAME = "Oda Naoyuki";
				TargetAttributes = {
					6E0F4891190782A800AD0C10 = {
						DevelopmentTeam = VTTAQ3SUUQ;
						SystemCapabilities = {
							com.apple.iCloud = {
								enabled = 1;
							};
						};
					};
					6E0F48B2190782A800AD0C10 = {
						TestTargetID = 6E0F4891190782A800AD0C10;
					};
				};
			};
			buildConfigurationList = 6E0F488D190782A800AD0C10 /* Build configuration list for PBXProject "iCloudCoreDataSample" */;
			compatibilityVersion = "Xcode 3.2";
			developmentRegion = English;
			hasScannedForEncodings = 0;
			knownRegions = (
				en,
				Base,
			);
			mainGroup = 6E0F4889190782A800AD0C10;
			productRefGroup = 6E0F4893190782A800AD0C10 /* Products */;
			projectDirPath = "";
			projectRoot = "";
			targets = (
				6E0F4891190782A800AD0C10 /* iCloudCoreDataSample */,
				6E0F48B2190782A800AD0C10 /* iCloudCoreDataSampleTests */,
			);
		};
/* End PBXProject section */

/* Begin PBXResourcesBuildPhase section */
		6E0F4890190782A800AD0C10 /* Resources */ = {
			isa = PBXResourcesBuildPhase;
			buildActionMask = 2147483647;
			files = (
				6E0F48AE190782A800AD0C10 /* Images.xcassets in Resources */,
				6E0F48A0190782A800AD0C10 /* InfoPlist.strings in Resources */,
				6E0F48A9190782A800AD0C10 /* Main.storyboard in Resources */,
			);
			runOnlyForDeploymentPostprocessing = 0;
		};
		6E0F48B1190782A800AD0C10 /* Resources */ = {
			isa = PBXResourcesBuildPhase;
			buildActionMask = 2147483647;
			files = (
				6E0F48BF190782A800AD0C10 /* InfoPlist.strings in Resources */,
			);
			runOnlyForDeploymentPostprocessing = 0;
		};
/* End PBXResourcesBuildPhase section */

/* Begin PBXSourcesBuildPhase section */
		6E0F488E190782A800AD0C10 /* Sources */ = {
			isa = PBXSourcesBuildPhase;
			buildActionMask = 2147483647;
			files = (
				6E0F48D31907841C00AD0C10 /* BookDataModel.xcdatamodeld in Sources */,
				6EBB960F190BD7B800F91B2C /* Books.m in Sources */,
				6E0F48AC190782A800AD0C10 /* ViewController.m in Sources */,
				6E0F48A6190782A800AD0C10 /* AppDelegate.m in Sources */,
				6E0F48A2190782A800AD0C10 /* main.m in Sources */,
				6E69E8E0190DFB90008FBEEC /* DataStore.m in Sources */,
			);
			runOnlyForDeploymentPostprocessing = 0;
		};
		6E0F48AF190782A800AD0C10 /* Sources */ = {
			isa = PBXSourcesBuildPhase;
			buildActionMask = 2147483647;
			files = (
				6E0F48C1190782A800AD0C10 /* iCloudCoreDataSampleTests.m in Sources */,
			);
			runOnlyForDeploymentPostprocessing = 0;
		};
/* End PBXSourcesBuildPhase section */

/* Begin PBXTargetDependency section */
		6E0F48B9190782A800AD0C10 /* PBXTargetDependency */ = {
			isa = PBXTargetDependency;
			target = 6E0F4891190782A800AD0C10 /* iCloudCoreDataSample */;
			targetProxy = 6E0F48B8190782A800AD0C10 /* PBXContainerItemProxy */;
		};
/* End PBXTargetDependency section */

/* Begin PBXVariantGroup section */
		6E0F489E190782A800AD0C10 /* InfoPlist.strings */ = {
			isa = PBXVariantGroup;
			children = (
				6E0F489F190782A800AD0C10 /* en */,
			);
			name = InfoPlist.strings;
			sourceTree = "<group>";
		};
		6E0F48A7190782A800AD0C10 /* Main.storyboard */ = {
			isa = PBXVariantGroup;
			children = (
				6E0F48A8190782A800AD0C10 /* Base */,
			);
			name = Main.storyboard;
			sourceTree = "<group>";
		};
		6E0F48BD190782A800AD0C10 /* InfoPlist.strings */ = {
			isa = PBXVariantGroup;
			children = (
				6E0F48BE190782A800AD0C10 /* en */,
			);
			name = InfoPlist.strings;
			sourceTree = "<group>";
		};
/* End PBXVariantGroup section */

/* Begin XCBuildConfiguration section */
		6E0F48C2190782A800AD0C10 /* Debug */ = {
			isa = XCBuildConfiguration;
			buildSettings = {
				ALWAYS_SEARCH_USER_PATHS = NO;
				CLANG_CXX_LANGUAGE_STANDARD = "gnu++0x";
				CLANG_CXX_LIBRARY = "libc++";
				CLANG_ENABLE_MODULES = YES;
				CLANG_ENABLE_OBJC_ARC = YES;
				CLANG_WARN_BOOL_CONVERSION = YES;
				CLANG_WARN_CONSTANT_CONVERSION = YES;
				CLANG_WARN_DIRECT_OBJC_ISA_USAGE = YES_ERROR;
				CLANG_WARN_EMPTY_BODY = YES;
				CLANG_WARN_ENUM_CONVERSION = YES;
				CLANG_WARN_INT_CONVERSION = YES;
				CLANG_WARN_OBJC_ROOT_CLASS = YES_ERROR;
				CLANG_WARN__DUPLICATE_METHOD_MATCH = YES;
				"CODE_SIGN_IDENTITY[sdk=iphoneos*]" = "iPhone Developer";
				COPY_PHASE_STRIP = NO;
				GCC_C_LANGUAGE_STANDARD = gnu99;
				GCC_DYNAMIC_NO_PIC = NO;
				GCC_OPTIMIZATION_LEVEL = 0;
				GCC_PREPROCESSOR_DEFINITIONS = (
					"DEBUG=1",
					"$(inherited)",
				);
				GCC_SYMBOLS_PRIVATE_EXTERN = NO;
				GCC_WARN_64_TO_32_BIT_CONVERSION = YES;
				GCC_WARN_ABOUT_RETURN_TYPE = YES_ERROR;
				GCC_WARN_UNDECLARED_SELECTOR = YES;
				GCC_WARN_UNINITIALIZED_AUTOS = YES_AGGRESSIVE;
				GCC_WARN_UNUSED_FUNCTION = YES;
				GCC_WARN_UNUSED_VARIABLE = YES;
				IPHONEOS_DEPLOYMENT_TARGET = 7.1;
				ONLY_ACTIVE_ARCH = YES;
				SDKROOT = iphoneos;
			};
			name = Debug;
		};
		6E0F48C3190782A800AD0C10 /* Release */ = {
			isa = XCBuildConfiguration;
			buildSettings = {
				ALWAYS_SEARCH_USER_PATHS = NO;
				CLANG_CXX_LANGUAGE_STANDARD = "gnu++0x";
				CLANG_CXX_LIBRARY = "libc++";
				CLANG_ENABLE_MODULES = YES;
				CLANG_ENABLE_OBJC_ARC = YES;
				CLANG_WARN_BOOL_CONVERSION = YES;
				CLANG_WARN_CONSTANT_CONVERSION = YES;
				CLANG_WARN_DIRECT_OBJC_ISA_USAGE = YES_ERROR;
				CLANG_WARN_EMPTY_BODY = YES;
				CLANG_WARN_ENUM_CONVERSION = YES;
				CLANG_WARN_INT_CONVERSION = YES;
				CLANG_WARN_OBJC_ROOT_CLASS = YES_ERROR;
				CLANG_WARN__DUPLICATE_METHOD_MATCH = YES;
				"CODE_SIGN_IDENTITY[sdk=iphoneos*]" = "iPhone Developer";
				COPY_PHASE_STRIP = YES;
				ENABLE_NS_ASSERTIONS = NO;
				GCC_C_LANGUAGE_STANDARD = gnu99;
				GCC_WARN_64_TO_32_BIT_CONVERSION = YES;
				GCC_WARN_ABOUT_RETURN_TYPE = YES_ERROR;
				GCC_WARN_UNDECLARED_SELECTOR = YES;
				GCC_WARN_UNINITIALIZED_AUTOS = YES_AGGRESSIVE;
				GCC_WARN_UNUSED_FUNCTION = YES;
				GCC_WARN_UNUSED_VARIABLE = YES;
				IPHONEOS_DEPLOYMENT_TARGET = 7.1;
				SDKROOT = iphoneos;
				VALIDATE_PRODUCT = YES;
			};
			name = Release;
		};
		6E0F48C5190782A800AD0C10 /* Debug */ = {
			isa = XCBuildConfiguration;
			buildSettings = {
				ASSETCATALOG_COMPILER_APPICON_NAME = AppIcon;
				ASSETCATALOG_COMPILER_LAUNCHIMAGE_NAME = LaunchImage;
				CODE_SIGN_ENTITLEMENTS = iCloudCoreDataSample/iCloudCoreDataSample.entitlements;
				GCC_PRECOMPILE_PREFIX_HEADER = YES;
				GCC_PREFIX_HEADER = "iCloudCoreDataSample/iCloudCoreDataSample-Prefix.pch";
				INFOPLIST_FILE = "iCloudCoreDataSample/iCloudCoreDataSample-Info.plist";
				PRODUCT_NAME = "$(TARGET_NAME)";
				WRAPPER_EXTENSION = app;
			};
			name = Debug;
		};
		6E0F48C6190782A800AD0C10 /* Release */ = {
			isa = XCBuildConfiguration;
			buildSettings = {
				ASSETCATALOG_COMPILER_APPICON_NAME = AppIcon;
				ASSETCATALOG_COMPILER_LAUNCHIMAGE_NAME = LaunchImage;
				CODE_SIGN_ENTITLEMENTS = iCloudCoreDataSample/iCloudCoreDataSample.entitlements;
				GCC_PRECOMPILE_PREFIX_HEADER = YES;
				GCC_PREFIX_HEADER = "iCloudCoreDataSample/iCloudCoreDataSample-Prefix.pch";
				INFOPLIST_FILE = "iCloudCoreDataSample/iCloudCoreDataSample-Info.plist";
				PRODUCT_NAME = "$(TARGET_NAME)";
				WRAPPER_EXTENSION = app;
			};
			name = Release;
		};
		6E0F48C8190782A800AD0C10 /* Debug */ = {
			isa = XCBuildConfiguration;
			buildSettings = {
				BUNDLE_LOADER = "$(BUILT_PRODUCTS_DIR)/iCloudCoreDataSample.app/iCloudCoreDataSample";
				FRAMEWORK_SEARCH_PATHS = (
					"$(SDKROOT)/Developer/Library/Frameworks",
					"$(inherited)",
					"$(DEVELOPER_FRAMEWORKS_DIR)",
				);
				GCC_PRECOMPILE_PREFIX_HEADER = YES;
				GCC_PREFIX_HEADER = "iCloudCoreDataSample/iCloudCoreDataSample-Prefix.pch";
				GCC_PREPROCESSOR_DEFINITIONS = (
					"DEBUG=1",
					"$(inherited)",
				);
				INFOPLIST_FILE = "iCloudCoreDataSampleTests/iCloudCoreDataSampleTests-Info.plist";
				PRODUCT_NAME = "$(TARGET_NAME)";
				TEST_HOST = "$(BUNDLE_LOADER)";
				WRAPPER_EXTENSION = xctest;
			};
			name = Debug;
		};
		6E0F48C9190782A800AD0C10 /* Release */ = {
			isa = XCBuildConfiguration;
			buildSettings = {
				BUNDLE_LOADER = "$(BUILT_PRODUCTS_DIR)/iCloudCoreDataSample.app/iCloudCoreDataSample";
				FRAMEWORK_SEARCH_PATHS = (
					"$(SDKROOT)/Developer/Library/Frameworks",
					"$(inherited)",
					"$(DEVELOPER_FRAMEWORKS_DIR)",
				);
				GCC_PRECOMPILE_PREFIX_HEADER = YES;
				GCC_PREFIX_HEADER = "iCloudCoreDataSample/iCloudCoreDataSample-Prefix.pch";
				INFOPLIST_FILE = "iCloudCoreDataSampleTests/iCloudCoreDataSampleTests-Info.plist";
				PRODUCT_NAME = "$(TARGET_NAME)";
				TEST_HOST = "$(BUNDLE_LOADER)";
				WRAPPER_EXTENSION = xctest;
			};
			name = Release;
		};
/* End XCBuildConfiguration section */

/* Begin XCConfigurationList section */
		6E0F488D190782A800AD0C10 /* Build configuration list for PBXProject "iCloudCoreDataSample" */ = {
			isa = XCConfigurationList;
			buildConfigurations = (
				6E0F48C2190782A800AD0C10 /* Debug */,
				6E0F48C3190782A800AD0C10 /* Release */,
			);
			defaultConfigurationIsVisible = 0;
			defaultConfigurationName = Release;
		};
		6E0F48C4190782A800AD0C10 /* Build configuration list for PBXNativeTarget "iCloudCoreDataSample" */ = {
			isa = XCConfigurationList;
			buildConfigurations = (
				6E0F48C5190782A800AD0C10 /* Debug */,
				6E0F48C6190782A800AD0C10 /* Release */,
			);
			defaultConfigurationIsVisible = 0;
			defaultConfigurationName = Release;
		};
		6E0F48C7190782A800AD0C10 /* Build configuration list for PBXNativeTarget "iCloudCoreDataSampleTests" */ = {
			isa = XCConfigurationList;
			buildConfigurations = (
				6E0F48C8190782A800AD0C10 /* Debug */,
				6E0F48C9190782A800AD0C10 /* Release */,
			);
			defaultConfigurationIsVisible = 0;
			defaultConfigurationName = Release;
		};
/* End XCConfigurationList section */

/* Begin XCVersionGroup section */
		6E0F48D11907841C00AD0C10 /* BookDataModel.xcdatamodeld */ = {
			isa = XCVersionGroup;
			children = (
				6E0F48D21907841C00AD0C10 /* BookDataModel.xcdatamodel */,
			);
			currentVersion = 6E0F48D21907841C00AD0C10 /* BookDataModel.xcdatamodel */;
			path = BookDataModel.xcdatamodeld;
			sourceTree = "<group>";
			versionGroupType = wrapper.xcdatamodel;
		};
/* End XCVersionGroup section */
	};
	rootObject = 6E0F488A190782A800AD0C10 /* Project object */;
}
